# This file is automatically generated by Poetry and should be committed to version control.
[[package]]
name = "fastapi"
version = "0.110.0"
description = "FastAPI framework, high performance, easy to learn, fast to code, ready for production"
category = "main"
optional = false
python-versions = ">=3.8"

[[package]]
name = "uvicorn"
version = "0.28.0"
description = "The lightning-fast ASGI server."
category = "main"
optional = false
python-versions = ">=3.8"

[[package]]
name = "pydantic"
version = "2.6.4"
description = "Data validation using Python type hints"
category = "main"
optional = false
python-versions = ">=3.8"

[[package]]
name = "sqlalchemy"
version = "2.0.28"
description = "Database Abstraction Library"
category = "main"
optional = false
python-versions = ">=3.7"

[[package]]
name = "networkx"
version = "3.2.1"
description = "Python package for creating and manipulating graphs and networks"
category = "main"
optional = false
python-versions = ">=3.9"

[metadata]
lock-version = "2.0"
python-versions = ">=3.10"
content-hash = "c18f1a50b73e5bfda8f8d689258a69d2d0c24209ec161a0b3f86e39ddc276326"
